
Microsoft Visual Studio Solution File, Format Version 12.00
# Visual Studio Version 16
VisualStudioVersion = 16.0.30717.126
MinimumVisualStudioVersion = 10.0.40219.1
Project("{F2A71F9B-5D33-465A-A702-920D77279786}") = "PowersOf2", "PowersOf2\PowersOf2.fsproj", "{F3CE6E4E-9F4A-4956-8B3B-05180154394A}"
EndProject
Global
	GlobalSection(SolutionConfigurationPlatforms) = preSolution
		Debug|Any CPU = Debug|Any CPU
		Release|Any CPU = Release|Any CPU
	EndGlobalSection
	GlobalSection(ProjectConfigurationPlatforms) = postSolution
		{F3CE6E4E-9F4A-4956-8B3B-05180154394A}.Debug|Any CPU.ActiveCfg = Debug|Any CPU
		{F3CE6E4E-9F4A-4956-8B3B-05180154394A}.Debug|Any CPU.Build.0 = Debug|Any CPU
		{F3CE6E4E-9F4A-4956-8B3B-05180154394A}.Release|Any CPU.ActiveCfg = Release|Any CPU
		{F3CE6E4E-9F4A-4956-8B3B-05180154394A}.Release|Any CPU.Build.0 = Release|Any CPU
	EndGlobalSection
	GlobalSection(SolutionProperties) = preSolution
		HideSolutionNode = FALSE
	EndGlobalSection
	GlobalSection(ExtensibilityGlobals) = postSolution
		SolutionGuid = {421D863E-FCC7-4872-B0C8-4F3FA400BAD0}
	EndGlobalSection
EndGlobal
