
Microsoft Visual Studio Solution File, Format Version 12.00
# Visual Studio Version 16
VisualStudioVersion = 16.0.30717.126
MinimumVisualStudioVersion = 10.0.40219.1
Project("{F2A71F9B-5D33-465A-A702-920D77279786}") = "ExerciseCodeWars", "ExerciseCodeWars\ExerciseCodeWars.fsproj", "{D7FF672E-15BB-4F49-B21B-67307B6EE8AE}"
EndProject
Global
	GlobalSection(SolutionConfigurationPlatforms) = preSolution
		Debug|Any CPU = Debug|Any CPU
		Release|Any CPU = Release|Any CPU
	EndGlobalSection
	GlobalSection(ProjectConfigurationPlatforms) = postSolution
		{D7FF672E-15BB-4F49-B21B-67307B6EE8AE}.Debug|Any CPU.ActiveCfg = Debug|Any CPU
		{D7FF672E-15BB-4F49-B21B-67307B6EE8AE}.Debug|Any CPU.Build.0 = Debug|Any CPU
		{D7FF672E-15BB-4F49-B21B-67307B6EE8AE}.Release|Any CPU.ActiveCfg = Release|Any CPU
		{D7FF672E-15BB-4F49-B21B-67307B6EE8AE}.Release|Any CPU.Build.0 = Release|Any CPU
	EndGlobalSection
	GlobalSection(SolutionProperties) = preSolution
		HideSolutionNode = FALSE
	EndGlobalSection
	GlobalSection(ExtensibilityGlobals) = postSolution
		SolutionGuid = {8C318BCF-9EFD-41E8-A384-E43E8FC805FB}
	EndGlobalSection
EndGlobal
