
Microsoft Visual Studio Solution File, Format Version 12.00
# Visual Studio Version 16
VisualStudioVersion = 16.0.30717.126
MinimumVisualStudioVersion = 10.0.40219.1
Project("{F2A71F9B-5D33-465A-A702-920D77279786}") = "Composition_function", "Composition_function\Composition_function.fsproj", "{6F2D88D5-7852-4E9A-ABA6-91F1C33D823F}"
EndProject
Global
	GlobalSection(SolutionConfigurationPlatforms) = preSolution
		Debug|Any CPU = Debug|Any CPU
		Release|Any CPU = Release|Any CPU
	EndGlobalSection
	GlobalSection(ProjectConfigurationPlatforms) = postSolution
		{6F2D88D5-7852-4E9A-ABA6-91F1C33D823F}.Debug|Any CPU.ActiveCfg = Debug|Any CPU
		{6F2D88D5-7852-4E9A-ABA6-91F1C33D823F}.Debug|Any CPU.Build.0 = Debug|Any CPU
		{6F2D88D5-7852-4E9A-ABA6-91F1C33D823F}.Release|Any CPU.ActiveCfg = Release|Any CPU
		{6F2D88D5-7852-4E9A-ABA6-91F1C33D823F}.Release|Any CPU.Build.0 = Release|Any CPU
	EndGlobalSection
	GlobalSection(SolutionProperties) = preSolution
		HideSolutionNode = FALSE
	EndGlobalSection
	GlobalSection(ExtensibilityGlobals) = postSolution
		SolutionGuid = {BFC50717-2BEE-4499-AAB7-94F45F95BEE2}
	EndGlobalSection
EndGlobal
