
Microsoft Visual Studio Solution File, Format Version 12.00
# Visual Studio Version 16
VisualStudioVersion = 16.0.30717.126
MinimumVisualStudioVersion = 10.0.40219.1
Project("{F2A71F9B-5D33-465A-A702-920D77279786}") = "recursive_function", "recursive_function\recursive_function.fsproj", "{114FBA1D-9ED0-4274-BFD3-888B1A1B6C3D}"
EndProject
Global
	GlobalSection(SolutionConfigurationPlatforms) = preSolution
		Debug|Any CPU = Debug|Any CPU
		Release|Any CPU = Release|Any CPU
	EndGlobalSection
	GlobalSection(ProjectConfigurationPlatforms) = postSolution
		{114FBA1D-9ED0-4274-BFD3-888B1A1B6C3D}.Debug|Any CPU.ActiveCfg = Debug|Any CPU
		{114FBA1D-9ED0-4274-BFD3-888B1A1B6C3D}.Debug|Any CPU.Build.0 = Debug|Any CPU
		{114FBA1D-9ED0-4274-BFD3-888B1A1B6C3D}.Release|Any CPU.ActiveCfg = Release|Any CPU
		{114FBA1D-9ED0-4274-BFD3-888B1A1B6C3D}.Release|Any CPU.Build.0 = Release|Any CPU
	EndGlobalSection
	GlobalSection(SolutionProperties) = preSolution
		HideSolutionNode = FALSE
	EndGlobalSection
	GlobalSection(ExtensibilityGlobals) = postSolution
		SolutionGuid = {576501A3-1445-42BE-8915-80E511E2F565}
	EndGlobalSection
EndGlobal
