
Microsoft Visual Studio Solution File, Format Version 12.00
# Visual Studio Version 16
VisualStudioVersion = 16.0.30717.126
MinimumVisualStudioVersion = 10.0.40219.1
Project("{F2A71F9B-5D33-465A-A702-920D77279786}") = "SumofTwoLowestPositiveIntegers", "SumofTwoLowestPositiveIntegers\SumofTwoLowestPositiveIntegers.fsproj", "{5A839962-DCCA-4DA1-B708-AD40BACEA0B6}"
EndProject
Global
	GlobalSection(SolutionConfigurationPlatforms) = preSolution
		Debug|Any CPU = Debug|Any CPU
		Release|Any CPU = Release|Any CPU
	EndGlobalSection
	GlobalSection(ProjectConfigurationPlatforms) = postSolution
		{5A839962-DCCA-4DA1-B708-AD40BACEA0B6}.Debug|Any CPU.ActiveCfg = Debug|Any CPU
		{5A839962-DCCA-4DA1-B708-AD40BACEA0B6}.Debug|Any CPU.Build.0 = Debug|Any CPU
		{5A839962-DCCA-4DA1-B708-AD40BACEA0B6}.Release|Any CPU.ActiveCfg = Release|Any CPU
		{5A839962-DCCA-4DA1-B708-AD40BACEA0B6}.Release|Any CPU.Build.0 = Release|Any CPU
	EndGlobalSection
	GlobalSection(SolutionProperties) = preSolution
		HideSolutionNode = FALSE
	EndGlobalSection
	GlobalSection(ExtensibilityGlobals) = postSolution
		SolutionGuid = {85B4B0BD-F287-4042-9F98-B23204A8ABB4}
	EndGlobalSection
EndGlobal
