
Microsoft Visual Studio Solution File, Format Version 12.00
# Visual Studio Version 16
VisualStudioVersion = 16.0.30717.126
MinimumVisualStudioVersion = 10.0.40219.1
Project("{F2A71F9B-5D33-465A-A702-920D77279786}") = "TwoNumbers", "TwoNumbers\TwoNumbers.fsproj", "{4936FB97-4B23-4441-B060-5ED838F7FB5A}"
EndProject
Global
	GlobalSection(SolutionConfigurationPlatforms) = preSolution
		Debug|Any CPU = Debug|Any CPU
		Release|Any CPU = Release|Any CPU
	EndGlobalSection
	GlobalSection(ProjectConfigurationPlatforms) = postSolution
		{4936FB97-4B23-4441-B060-5ED838F7FB5A}.Debug|Any CPU.ActiveCfg = Debug|Any CPU
		{4936FB97-4B23-4441-B060-5ED838F7FB5A}.Debug|Any CPU.Build.0 = Debug|Any CPU
		{4936FB97-4B23-4441-B060-5ED838F7FB5A}.Release|Any CPU.ActiveCfg = Release|Any CPU
		{4936FB97-4B23-4441-B060-5ED838F7FB5A}.Release|Any CPU.Build.0 = Release|Any CPU
	EndGlobalSection
	GlobalSection(SolutionProperties) = preSolution
		HideSolutionNode = FALSE
	EndGlobalSection
	GlobalSection(ExtensibilityGlobals) = postSolution
		SolutionGuid = {6E51DCFE-94B6-4A5A-94EA-F4F1AA7052CD}
	EndGlobalSection
EndGlobal
